
Microsoft Visual Studio Solution File, Format Version 12.00
# Visual Studio Version 16
VisualStudioVersion = 16.0.31025.194
MinimumVisualStudioVersion = 10.0.40219.1
Project("{9A19103F-16F7-4668-BE54-9A1E7A4F7556}") = "WebApplication", "WebApplication\WebApplication.csproj", "{5E96E04B-3CF8-4F2A-864B-A1C5B8757767}"
EndProject
Project("{2150E333-8FDC-42A3-9474-1A3956D46DE8}") = "Solution Items", "Solution Items", "{AED88F5B-8D16-428F-B5B8-0BE67ACDAF60}"
	ProjectSection(SolutionItems) = preProject
		Directory.Build.props = Directory.Build.props
	EndProjectSection
EndProject
Project("{FAE04EC0-301F-11D3-BF4B-00C04F79EFBC}") = "ConsoleApp", "ConsoleApp\ConsoleApp.csproj", "{AB8492C8-1EC0-4404-BC45-A48311F141D1}"
EndProject
Global
	GlobalSection(SolutionConfigurationPlatforms) = preSolution
		Debug|Any CPU = Debug|Any CPU
		Release|Any CPU = Release|Any CPU
	EndGlobalSection
	GlobalSection(ProjectConfigurationPlatforms) = postSolution
		{5E96E04B-3CF8-4F2A-864B-A1C5B8757767}.Debug|Any CPU.ActiveCfg = Debug|Any CPU
		{5E96E04B-3CF8-4F2A-864B-A1C5B8757767}.Debug|Any CPU.Build.0 = Debug|Any CPU
		{5E96E04B-3CF8-4F2A-864B-A1C5B8757767}.Release|Any CPU.ActiveCfg = Release|Any CPU
		{5E96E04B-3CF8-4F2A-864B-A1C5B8757767}.Release|Any CPU.Build.0 = Release|Any CPU
		{AB8492C8-1EC0-4404-BC45-A48311F141D1}.Debug|Any CPU.ActiveCfg = Debug|Any CPU
		{AB8492C8-1EC0-4404-BC45-A48311F141D1}.Debug|Any CPU.Build.0 = Debug|Any CPU
		{AB8492C8-1EC0-4404-BC45-A48311F141D1}.Release|Any CPU.ActiveCfg = Release|Any CPU
		{AB8492C8-1EC0-4404-BC45-A48311F141D1}.Release|Any CPU.Build.0 = Release|Any CPU
	EndGlobalSection
	GlobalSection(SolutionProperties) = preSolution
		HideSolutionNode = FALSE
	EndGlobalSection
	GlobalSection(ExtensibilityGlobals) = postSolution
		SolutionGuid = {37389442-80D5-46DB-8C75-D59EBBF1E95B}
	EndGlobalSection
EndGlobal
